
Microsoft Visual Studio Solution File, Format Version 12.00
# Visual Studio 15
VisualStudioVersion = 15.0.28307.271
MinimumVisualStudioVersion = 10.0.40219.1
Project("{8BC9CEB8-8B4A-11D0-8D11-00A0C91BC942}") = "SSsplit", "SSsplit\SSsplit.vcxproj", "{886EAC33-F1C2-4EA8-8266-8D8FA49532EA}"
EndProject
Project("{8BC9CEB8-8B4A-11D0-8D11-00A0C91BC942}") = "C_2bmp", "C_2bmp\C_2bmp.vcxproj", "{F7DB5EB3-2354-4F11-9115-20FE02A949FC}"
EndProject
Project("{8BC9CEB8-8B4A-11D0-8D11-00A0C91BC942}") = "CH2bmp", "CH2bmp\CH2bmp.vcxproj", "{70E686BC-E9FB-46CF-BBF1-0C773A8A6074}"
EndProject
Project("{8BC9CEB8-8B4A-11D0-8D11-00A0C91BC942}") = "M_2bmp", "M_2bmp\M_2bmp.vcxproj", "{C6E33313-23AD-4CC7-A2BC-B39B9381CAEE}"
EndProject
Project("{8BC9CEB8-8B4A-11D0-8D11-00A0C91BC942}") = "MP2bmp", "MP2bmp\MP2bmp.vcxproj", "{DB2EC82B-56C1-45D4-A8F4-60AF049E3C74}"
EndProject
Project("{8BC9CEB8-8B4A-11D0-8D11-00A0C91BC942}") = "NC2bmp", "NC2bmp\NC2bmp.vcxproj", "{0E48E0BE-65BE-4CD0-8AF0-1E842BDB5138}"
EndProject
Project("{8BC9CEB8-8B4A-11D0-8D11-00A0C91BC942}") = "P_2bmp", "P_2bmp\P_2bmp.vcxproj", "{9E6AF45A-6FB5-4E61-A19D-4C9890F47334}"
EndProject
Global
	GlobalSection(SolutionConfigurationPlatforms) = preSolution
		Debug|x64 = Debug|x64
		Debug|x86 = Debug|x86
		Release|x64 = Release|x64
		Release|x86 = Release|x86
	EndGlobalSection
	GlobalSection(ProjectConfigurationPlatforms) = postSolution
		{886EAC33-F1C2-4EA8-8266-8D8FA49532EA}.Debug|x64.ActiveCfg = Debug|x64
		{886EAC33-F1C2-4EA8-8266-8D8FA49532EA}.Debug|x64.Build.0 = Debug|x64
		{886EAC33-F1C2-4EA8-8266-8D8FA49532EA}.Debug|x86.ActiveCfg = Debug|Win32
		{886EAC33-F1C2-4EA8-8266-8D8FA49532EA}.Debug|x86.Build.0 = Debug|Win32
		{886EAC33-F1C2-4EA8-8266-8D8FA49532EA}.Release|x64.ActiveCfg = Release|x64
		{886EAC33-F1C2-4EA8-8266-8D8FA49532EA}.Release|x64.Build.0 = Release|x64
		{886EAC33-F1C2-4EA8-8266-8D8FA49532EA}.Release|x86.ActiveCfg = Release|Win32
		{886EAC33-F1C2-4EA8-8266-8D8FA49532EA}.Release|x86.Build.0 = Release|Win32
		{F7DB5EB3-2354-4F11-9115-20FE02A949FC}.Debug|x64.ActiveCfg = Debug|x64
		{F7DB5EB3-2354-4F11-9115-20FE02A949FC}.Debug|x64.Build.0 = Debug|x64
		{F7DB5EB3-2354-4F11-9115-20FE02A949FC}.Debug|x86.ActiveCfg = Debug|Win32
		{F7DB5EB3-2354-4F11-9115-20FE02A949FC}.Debug|x86.Build.0 = Debug|Win32
		{F7DB5EB3-2354-4F11-9115-20FE02A949FC}.Release|x64.ActiveCfg = Release|x64
		{F7DB5EB3-2354-4F11-9115-20FE02A949FC}.Release|x64.Build.0 = Release|x64
		{F7DB5EB3-2354-4F11-9115-20FE02A949FC}.Release|x86.ActiveCfg = Release|Win32
		{F7DB5EB3-2354-4F11-9115-20FE02A949FC}.Release|x86.Build.0 = Release|Win32
		{70E686BC-E9FB-46CF-BBF1-0C773A8A6074}.Debug|x64.ActiveCfg = Debug|x64
		{70E686BC-E9FB-46CF-BBF1-0C773A8A6074}.Debug|x64.Build.0 = Debug|x64
		{70E686BC-E9FB-46CF-BBF1-0C773A8A6074}.Debug|x86.ActiveCfg = Debug|Win32
		{70E686BC-E9FB-46CF-BBF1-0C773A8A6074}.Debug|x86.Build.0 = Debug|Win32
		{70E686BC-E9FB-46CF-BBF1-0C773A8A6074}.Release|x64.ActiveCfg = Release|x64
		{70E686BC-E9FB-46CF-BBF1-0C773A8A6074}.Release|x64.Build.0 = Release|x64
		{70E686BC-E9FB-46CF-BBF1-0C773A8A6074}.Release|x86.ActiveCfg = Release|Win32
		{70E686BC-E9FB-46CF-BBF1-0C773A8A6074}.Release|x86.Build.0 = Release|Win32
		{C6E33313-23AD-4CC7-A2BC-B39B9381CAEE}.Debug|x64.ActiveCfg = Debug|x64
		{C6E33313-23AD-4CC7-A2BC-B39B9381CAEE}.Debug|x64.Build.0 = Debug|x64
		{C6E33313-23AD-4CC7-A2BC-B39B9381CAEE}.Debug|x86.ActiveCfg = Debug|Win32
		{C6E33313-23AD-4CC7-A2BC-B39B9381CAEE}.Debug|x86.Build.0 = Debug|Win32
		{C6E33313-23AD-4CC7-A2BC-B39B9381CAEE}.Release|x64.ActiveCfg = Release|x64
		{C6E33313-23AD-4CC7-A2BC-B39B9381CAEE}.Release|x64.Build.0 = Release|x64
		{C6E33313-23AD-4CC7-A2BC-B39B9381CAEE}.Release|x86.ActiveCfg = Release|Win32
		{C6E33313-23AD-4CC7-A2BC-B39B9381CAEE}.Release|x86.Build.0 = Release|Win32
		{DB2EC82B-56C1-45D4-A8F4-60AF049E3C74}.Debug|x64.ActiveCfg = Debug|x64
		{DB2EC82B-56C1-45D4-A8F4-60AF049E3C74}.Debug|x64.Build.0 = Debug|x64
		{DB2EC82B-56C1-45D4-A8F4-60AF049E3C74}.Debug|x86.ActiveCfg = Debug|Win32
		{DB2EC82B-56C1-45D4-A8F4-60AF049E3C74}.Debug|x86.Build.0 = Debug|Win32
		{DB2EC82B-56C1-45D4-A8F4-60AF049E3C74}.Release|x64.ActiveCfg = Release|x64
		{DB2EC82B-56C1-45D4-A8F4-60AF049E3C74}.Release|x64.Build.0 = Release|x64
		{DB2EC82B-56C1-45D4-A8F4-60AF049E3C74}.Release|x86.ActiveCfg = Release|Win32
		{DB2EC82B-56C1-45D4-A8F4-60AF049E3C74}.Release|x86.Build.0 = Release|Win32
		{0E48E0BE-65BE-4CD0-8AF0-1E842BDB5138}.Debug|x64.ActiveCfg = Debug|x64
		{0E48E0BE-65BE-4CD0-8AF0-1E842BDB5138}.Debug|x64.Build.0 = Debug|x64
		{0E48E0BE-65BE-4CD0-8AF0-1E842BDB5138}.Debug|x86.ActiveCfg = Debug|Win32
		{0E48E0BE-65BE-4CD0-8AF0-1E842BDB5138}.Debug|x86.Build.0 = Debug|Win32
		{0E48E0BE-65BE-4CD0-8AF0-1E842BDB5138}.Release|x64.ActiveCfg = Release|x64
		{0E48E0BE-65BE-4CD0-8AF0-1E842BDB5138}.Release|x64.Build.0 = Release|x64
		{0E48E0BE-65BE-4CD0-8AF0-1E842BDB5138}.Release|x86.ActiveCfg = Release|Win32
		{0E48E0BE-65BE-4CD0-8AF0-1E842BDB5138}.Release|x86.Build.0 = Release|Win32
		{9E6AF45A-6FB5-4E61-A19D-4C9890F47334}.Debug|x64.ActiveCfg = Debug|x64
		{9E6AF45A-6FB5-4E61-A19D-4C9890F47334}.Debug|x64.Build.0 = Debug|x64
		{9E6AF45A-6FB5-4E61-A19D-4C9890F47334}.Debug|x86.ActiveCfg = Debug|Win32
		{9E6AF45A-6FB5-4E61-A19D-4C9890F47334}.Debug|x86.Build.0 = Debug|Win32
		{9E6AF45A-6FB5-4E61-A19D-4C9890F47334}.Release|x64.ActiveCfg = Release|x64
		{9E6AF45A-6FB5-4E61-A19D-4C9890F47334}.Release|x64.Build.0 = Release|x64
		{9E6AF45A-6FB5-4E61-A19D-4C9890F47334}.Release|x86.ActiveCfg = Release|Win32
		{9E6AF45A-6FB5-4E61-A19D-4C9890F47334}.Release|x86.Build.0 = Release|Win32
	EndGlobalSection
	GlobalSection(SolutionProperties) = preSolution
		HideSolutionNode = FALSE
	EndGlobalSection
	GlobalSection(ExtensibilityGlobals) = postSolution
		SolutionGuid = {74EAA12F-1E19-45D0-A2A3-CB6775541E63}
	EndGlobalSection
EndGlobal
